
Microsoft Visual Studio Solution File, Format Version 12.00
# Visual Studio Version 17
VisualStudioVersion = 17.4.33213.308
MinimumVisualStudioVersion = 10.0.40219.1
Project("{FAE04EC0-301F-11D3-BF4B-00C04F79EFBC}") = "opengl_sky", "opengl_sky.csproj", "{7854F4A3-1A0C-4AFF-8094-CE5131445579}"
EndProject
Global
	GlobalSection(SolutionConfigurationPlatforms) = preSolution
		Debug|Any CPU = Debug|Any CPU
		Release|Any CPU = Release|Any CPU
	EndGlobalSection
	GlobalSection(ProjectConfigurationPlatforms) = postSolution
		{7854F4A3-1A0C-4AFF-8094-CE5131445579}.Debug|Any CPU.ActiveCfg = Debug|Any CPU
		{7854F4A3-1A0C-4AFF-8094-CE5131445579}.Debug|Any CPU.Build.0 = Debug|Any CPU
		{7854F4A3-1A0C-4AFF-8094-CE5131445579}.Release|Any CPU.ActiveCfg = Release|Any CPU
		{7854F4A3-1A0C-4AFF-8094-CE5131445579}.Release|Any CPU.Build.0 = Release|Any CPU
	EndGlobalSection
	GlobalSection(SolutionProperties) = preSolution
		HideSolutionNode = FALSE
	EndGlobalSection
	GlobalSection(ExtensibilityGlobals) = postSolution
		SolutionGuid = {3A4F87CB-F8F2-4E92-9571-F214CCD85BC6}
	EndGlobalSection
EndGlobal
